
Microsoft Visual Studio Solution File, Format Version 12.00
# Visual Studio Version 16
VisualStudioVersion = 16.0.28803.202
MinimumVisualStudioVersion = 10.0.40219.1
Project("{888888A0-9F3D-457C-B088-3A5042F75D52}") = "menuordersystem2", "menuordersystem2\menuordersystem2.pyproj", "{BD548654-B6A4-4173-B26B-25CB007B1A9B}"
EndProject
Global
	GlobalSection(SolutionConfigurationPlatforms) = preSolution
		Debug|Any CPU = Debug|Any CPU
		Release|Any CPU = Release|Any CPU
	EndGlobalSection
	GlobalSection(ProjectConfigurationPlatforms) = postSolution
		{BD548654-B6A4-4173-B26B-25CB007B1A9B}.Debug|Any CPU.ActiveCfg = Debug|Any CPU
		{BD548654-B6A4-4173-B26B-25CB007B1A9B}.Release|Any CPU.ActiveCfg = Release|Any CPU
	EndGlobalSection
	GlobalSection(SolutionProperties) = preSolution
		HideSolutionNode = FALSE
	EndGlobalSection
	GlobalSection(ExtensibilityGlobals) = postSolution
		SolutionGuid = {B3A553C3-6243-43F1-94FD-692AE0AE8A76}
	EndGlobalSection
EndGlobal
